
Microsoft Visual Studio Solution File, Format Version 12.00
# Visual Studio Version 17
VisualStudioVersion = 17.11.35103.136
MinimumVisualStudioVersion = 10.0.40219.1
Project("{FAE04EC0-301F-11D3-BF4B-00C04F79EFBC}") = "RefitIssue.ProjectA.Api", "RefitIssue.ProjectA.Api\RefitIssue.ProjectA.Api.csproj", "{8BF7937A-1483-470A-BFF9-A89F4A70C15F}"
EndProject
Project("{FAE04EC0-301F-11D3-BF4B-00C04F79EFBC}") = "RefitIssue.ProjectA.Core", "RefitIssue.ProjectA.Core\RefitIssue.ProjectA.Core.csproj", "{A9916D4B-DC8E-4DD4-8435-7B19B9C2D9B0}"
EndProject
Project("{FAE04EC0-301F-11D3-BF4B-00C04F79EFBC}") = "RefitIssue.ProjectB.Client", "RefitIssue.ProjectB.Client\RefitIssue.ProjectB.Client.csproj", "{8D425D72-D116-4DFA-AC22-6CE052676D02}"
EndProject
Global
	GlobalSection(SolutionConfigurationPlatforms) = preSolution
		Debug|Any CPU = Debug|Any CPU
		Release|Any CPU = Release|Any CPU
	EndGlobalSection
	GlobalSection(ProjectConfigurationPlatforms) = postSolution
		{8BF7937A-1483-470A-BFF9-A89F4A70C15F}.Debug|Any CPU.ActiveCfg = Debug|Any CPU
		{8BF7937A-1483-470A-BFF9-A89F4A70C15F}.Debug|Any CPU.Build.0 = Debug|Any CPU
		{8BF7937A-1483-470A-BFF9-A89F4A70C15F}.Release|Any CPU.ActiveCfg = Release|Any CPU
		{8BF7937A-1483-470A-BFF9-A89F4A70C15F}.Release|Any CPU.Build.0 = Release|Any CPU
		{A9916D4B-DC8E-4DD4-8435-7B19B9C2D9B0}.Debug|Any CPU.ActiveCfg = Debug|Any CPU
		{A9916D4B-DC8E-4DD4-8435-7B19B9C2D9B0}.Debug|Any CPU.Build.0 = Debug|Any CPU
		{A9916D4B-DC8E-4DD4-8435-7B19B9C2D9B0}.Release|Any CPU.ActiveCfg = Release|Any CPU
		{A9916D4B-DC8E-4DD4-8435-7B19B9C2D9B0}.Release|Any CPU.Build.0 = Release|Any CPU
		{8D425D72-D116-4DFA-AC22-6CE052676D02}.Debug|Any CPU.ActiveCfg = Debug|Any CPU
		{8D425D72-D116-4DFA-AC22-6CE052676D02}.Debug|Any CPU.Build.0 = Debug|Any CPU
		{8D425D72-D116-4DFA-AC22-6CE052676D02}.Release|Any CPU.ActiveCfg = Release|Any CPU
		{8D425D72-D116-4DFA-AC22-6CE052676D02}.Release|Any CPU.Build.0 = Release|Any CPU
	EndGlobalSection
	GlobalSection(SolutionProperties) = preSolution
		HideSolutionNode = FALSE
	EndGlobalSection
	GlobalSection(ExtensibilityGlobals) = postSolution
		SolutionGuid = {03E4AB59-714E-4A3D-A2EF-DE40C535F728}
	EndGlobalSection
EndGlobal
